// !$*UTF8*$!
{
	archiveVersion = 1;
	classes = {
	};
	objectVersion = 77;
	objects = {

/* Begin PBXContainerItemProxy section */
		A8539DBA3056C6FB00FDCDC1 /* PBXContainerItemProxy */ = {
			isa = PBXContainerItemProxy;
			containerPortal = A8539DA43056C6F900FDCDC1 /* Project object */;
			proxyType = 1;
			remoteGlobalIDString = A8539DAB3056C6F900FDCDC1;
			remoteInfo = StreakUp;
		};
		A8539DC43056C6FB00FDCDC1 /* PBXContainerItemProxy */ = {
			isa = PBXContainerItemProxy;
			containerPortal = A8539DA43056C6F900FDCDC1 /* Project object */;
			proxyType = 1;
			remoteGlobalIDString = A8539DAB3056C6F900FDCDC1;
			remoteInfo = StreakUp;
		};
/* End PBXContainerItemProxy section */

/* Begin PBXFileReference section */
		A82DE015306193DF00F0A121 /* LoginRequest.swift */ = {isa = PBXFileReference; lastKnownFileType = sourcecode.swift; path = LoginRequest.swift; sourceTree = "<group>"; };
		A82DE0163061942500F0A121 /* UserRegistrationRequest.swift */ = {isa = PBXFileReference; lastKnownFileType = sourcecode.swift; path = UserRegistrationRequest.swift; sourceTree = "<group>"; };
		A82DE0173061948F00F0A121 /* AuthResponse.swift */ = {isa = PBXFileReference; lastKnownFileType = sourcecode.swift; path = AuthResponse.swift; sourceTree = "<group>"; };
		A82DE018306195BD00F0A121 /* ActivityRequest.swift */ = {isa = PBXFileReference; lastKnownFileType = sourcecode.swift; path = ActivityRequest.swift; sourceTree = "<group>"; };
		A82DE0193061973100F0A121 /* FriendshipResponse.swift */ = {isa = PBXFileReference; lastKnownFileType = sourcecode.swift; path = FriendshipResponse.swift; sourceTree = "<group>"; };
		A82DE01B3061981000F0A121 /* StatisticsResponse.swift */ = {isa = PBXFileReference; lastKnownFileType = sourcecode.swift; path = StatisticsResponse.swift; sourceTree = "<group>"; };
		A82DE01D3061991000F0A121 /* LeaderboardEntry.swift */ = {isa = PBXFileReference; lastKnownFileType = sourcecode.swift; path = LeaderboardEntry.swift; sourceTree = "<group>"; };
		A82DE01F306199A100F0A121 /* ApiError.swift */ = {isa = PBXFileReference; lastKnownFileType = sourcecode.swift; path = ApiError.swift; sourceTree = "<group>"; };
		A82DE0233061A27100F0A121 /* APIEndpoint.swift */ = {isa = PBXFileReference; lastKnownFileType = sourcecode.swift; path = APIEndpoint.swift; sourceTree = "<group>"; };
		A82DE0243061A83D00F0A121 /* KeychainService.swift */ = {isa = PBXFileReference; lastKnownFileType = sourcecode.swift; path = KeychainService.swift; sourceTree = "<group>"; };
		A82DE0253061C40500F0A121 /* APIClient.swift */ = {isa = PBXFileReference; lastKnownFileType = sourcecode.swift; path = APIClient.swift; sourceTree = "<group>"; };
		A8539DAC3056C6F900FDCDC1 /* StreakUp.app */ = {isa = PBXFileReference; explicitFileType = wrapper.application; includeInIndex = 0; path = StreakUp.app; sourceTree = BUILT_PRODUCTS_DIR; };
		A8539DB93056C6FB00FDCDC1 /* StreakUpTests.xctest */ = {isa = PBXFileReference; explicitFileType = wrapper.cfbundle; includeInIndex = 0; path = StreakUpTests.xctest; sourceTree = BUILT_PRODUCTS_DIR; };
		A8539DC33056C6FB00FDCDC1 /* StreakUpUITests.xctest */ = {isa = PBXFileReference; explicitFileType = wrapper.cfbundle; includeInIndex = 0; path = StreakUpUITests.xctest; sourceTree = BUILT_PRODUCTS_DIR; };
		A8539DDA3056C9A600FDCDC1 /* User.swift */ = {isa = PBXFileReference; lastKnownFileType = sourcecode.swift; path = User.swift; sourceTree = "<group>"; };
		A8539DDE305707D300FDCDC1 /* Activity.swift */ = {isa = PBXFileReference; lastKnownFileType = sourcecode.swift; path = Activity.swift; sourceTree = "<group>"; };
		A8539DDF305707E000FDCDC1 /* ActivityType.swift */ = {isa = PBXFileReference; lastKnownFileType = sourcecode.swift; path = ActivityType.swift; sourceTree = "<group>"; };
		A8539DE03057080A00FDCDC1 /* FriendRequest.swift */ = {isa = PBXFileReference; lastKnownFileType = sourcecode.swift; path = FriendRequest.swift; sourceTree = "<group>"; };
		A8539DE13057081500FDCDC1 /* FriendshipStatus.swift */ = {isa = PBXFileReference; lastKnownFileType = sourcecode.swift; path = FriendshipStatus.swift; sourceTree = "<group>"; };
		A8539DE23057107600FDCDC1 /* Friend.swift */ = {isa = PBXFileReference; lastKnownFileType = sourcecode.swift; path = Friend.swift; sourceTree = "<group>"; };
/* End PBXFileReference section */

/* Begin PBXFileSystemSynchronizedRootGroup section */
		A8539DAE3056C6F900FDCDC1 /* StreakUp */ = {
			isa = PBXFileSystemSynchronizedRootGroup;
			path = StreakUp;
			sourceTree = "<group>";
		};
		A8539DBC3056C6FB00FDCDC1 /* StreakUpTests */ = {
			isa = PBXFileSystemSynchronizedRootGroup;
			path = StreakUpTests;
			sourceTree = "<group>";
		};
		A8539DC63056C6FB00FDCDC1 /* StreakUpUITests */ = {
			isa = PBXFileSystemSynchronizedRootGroup;
			path = StreakUpUITests;
			sourceTree = "<group>";
		};
/* End PBXFileSystemSynchronizedRootGroup section */

/* Begin PBXFrameworksBuildPhase section */
		A8539DA93056C6F900FDCDC1 /* Frameworks */ = {
			isa = PBXFrameworksBuildPhase;
			buildActionMask = 2147483647;
			files = (
			);
			runOnlyForDeploymentPostprocessing = 0;
		};
		A8539DB63056C6FB00FDCDC1 /* Frameworks */ = {
			isa = PBXFrameworksBuildPhase;
			buildActionMask = 2147483647;
			files = (
			);
			runOnlyForDeploymentPostprocessing = 0;
		};
		A8539DC03056C6FB00FDCDC1 /* Frameworks */ = {
			isa = PBXFrameworksBuildPhase;
			buildActionMask = 2147483647;
			files = (
			);
			runOnlyForDeploymentPostprocessing = 0;
		};
/* End PBXFrameworksBuildPhase section */

/* Begin PBXGroup section */
		A82DE014306193D600F0A121 /* Auth */ = {
			isa = PBXGroup;
			children = (
				A82DE0173061948F00F0A121 /* AuthResponse.swift */,
				A82DE0163061942500F0A121 /* UserRegistrationRequest.swift */,
				A82DE015306193DF00F0A121 /* LoginRequest.swift */,
			);
			path = Auth;
			sourceTree = "<group>";
		};
		A82DE01A3061980300F0A121 /* Statistics */ = {
			isa = PBXGroup;
			children = (
				A82DE01D3061991000F0A121 /* LeaderboardEntry.swift */,
				A82DE01B3061981000F0A121 /* StatisticsResponse.swift */,
			);
			path = Statistics;
			sourceTree = "<group>";
		};
		A82DE01E3061999900F0A121 /* Shared */ = {
			isa = PBXGroup;
			children = (
				A82DE01F306199A100F0A121 /* ApiError.swift */,
			);
			path = Shared;
			sourceTree = "<group>";
		};
		A82DE02030619B1100F0A121 /* Services */ = {
			isa = PBXGroup;
			children = (
				A82DE0243061A83D00F0A121 /* KeychainService.swift */,
			);
			path = Services;
			sourceTree = "<group>";
		};
		A82DE02130619B1D00F0A121 /* Auth */ = {
			isa = PBXGroup;
			children = (
			);
			path = Auth;
			sourceTree = "<group>";
		};
		A82DE02230619B2600F0A121 /* Auth */ = {
			isa = PBXGroup;
			children = (
			);
			path = Auth;
			sourceTree = "<group>";
		};
		A8539DA33056C6F900FDCDC1 = {
			isa = PBXGroup;
			children = (
				A82DE02030619B1100F0A121 /* Services */,
				A8539DD93056C74B00FDCDC1 /* Networking */,
				A8539DD83056C74000FDCDC1 /* Views */,
				A8539DD73056C73600FDCDC1 /* ViewModels */,
				A8539DD63056C72D00FDCDC1 /* Models */,
				A8539DAE3056C6F900FDCDC1 /* StreakUp */,
				A8539DBC3056C6FB00FDCDC1 /* StreakUpTests */,
				A8539DC63056C6FB00FDCDC1 /* StreakUpUITests */,
				A8539DAD3056C6F900FDCDC1 /* Products */,
			);
			sourceTree = "<group>";
		};
		A8539DAD3056C6F900FDCDC1 /* Products */ = {
			isa = PBXGroup;
			children = (
				A8539DAC3056C6F900FDCDC1 /* StreakUp.app */,
				A8539DB93056C6FB00FDCDC1 /* StreakUpTests.xctest */,
				A8539DC33056C6FB00FDCDC1 /* StreakUpUITests.xctest */,
			);
			name = Products;
			sourceTree = "<group>";
		};
		A8539DD63056C72D00FDCDC1 /* Models */ = {
			isa = PBXGroup;
			children = (
				A82DE01E3061999900F0A121 /* Shared */,
				A82DE01A3061980300F0A121 /* Statistics */,
				A82DE014306193D600F0A121 /* Auth */,
				A8539DDD305707C300FDCDC1 /* Friendship */,
				A8539DDC305707B000FDCDC1 /* Activity */,
				A8539DDB3057079100FDCDC1 /* User */,
			);
			path = Models;
			sourceTree = "<group>";
		};
		A8539DD73056C73600FDCDC1 /* ViewModels */ = {
			isa = PBXGroup;
			children = (
				A82DE02130619B1D00F0A121 /* Auth */,
			);
			path = ViewModels;
			sourceTree = "<group>";
		};
		A8539DD83056C74000FDCDC1 /* Views */ = {
			isa = PBXGroup;
			children = (
				A82DE02230619B2600F0A121 /* Auth */,
			);
			path = Views;
			sourceTree = "<group>";
		};
		A8539DD93056C74B00FDCDC1 /* Networking */ = {
			isa = PBXGroup;
			children = (
				A82DE0253061C40500F0A121 /* APIClient.swift */,
				A82DE0233061A27100F0A121 /* APIEndpoint.swift */,
			);
			path = Networking;
			sourceTree = "<group>";
		};
		A8539DDB3057079100FDCDC1 /* User */ = {
			isa = PBXGroup;
			children = (
				A8539DDA3056C9A600FDCDC1 /* User.swift */,
			);
			path = User;
			sourceTree = "<group>";
		};
		A8539DDC305707B000FDCDC1 /* Activity */ = {
			isa = PBXGroup;
			children = (
				A82DE018306195BD00F0A121 /* ActivityRequest.swift */,
				A8539DDF305707E000FDCDC1 /* ActivityType.swift */,
				A8539DDE305707D300FDCDC1 /* Activity.swift */,
			);
			path = Activity;
			sourceTree = "<group>";
		};
		A8539DDD305707C300FDCDC1 /* Friendship */ = {
			isa = PBXGroup;
			children = (
				A82DE0193061973100F0A121 /* FriendshipResponse.swift */,
				A8539DE23057107600FDCDC1 /* Friend.swift */,
				A8539DE13057081500FDCDC1 /* FriendshipStatus.swift */,
				A8539DE03057080A00FDCDC1 /* FriendRequest.swift */,
			);
			path = Friendship;
			sourceTree = "<group>";
		};
/* End PBXGroup section */

/* Begin PBXNativeTarget section */
		A8539DAB3056C6F900FDCDC1 /* StreakUp */ = {
			isa = PBXNativeTarget;
			buildConfigurationList = A8539DCD3056C6FB00FDCDC1 /* Build configuration list for PBXNativeTarget "StreakUp" */;
			buildPhases = (
				A8539DA83056C6F900FDCDC1 /* Sources */,
				A8539DA93056C6F900FDCDC1 /* Frameworks */,
				A8539DAA3056C6F900FDCDC1 /* Resources */,
			);
			buildRules = (
			);
			dependencies = (
			);
			fileSystemSynchronizedGroups = (
				A8539DAE3056C6F900FDCDC1 /* StreakUp */,
			);
			name = StreakUp;
			packageProductDependencies = (
			);
			productName = StreakUp;
			productReference = A8539DAC3056C6F900FDCDC1 /* StreakUp.app */;
			productType = "com.apple.product-type.application";
		};
		A8539DB83056C6FB00FDCDC1 /* StreakUpTests */ = {
			isa = PBXNativeTarget;
			buildConfigurationList = A8539DD03056C6FB00FDCDC1 /* Build configuration list for PBXNativeTarget "StreakUpTests" */;
			buildPhases = (
				A8539DB53056C6FB00FDCDC1 /* Sources */,
				A8539DB63056C6FB00FDCDC1 /* Frameworks */,
				A8539DB73056C6FB00FDCDC1 /* Resources */,
			);
			buildRules = (
			);
			dependencies = (
				A8539DBB3056C6FB00FDCDC1 /* PBXTargetDependency */,
			);
			fileSystemSynchronizedGroups = (
				A8539DBC3056C6FB00FDCDC1 /* StreakUpTests */,
			);
			name = StreakUpTests;
			packageProductDependencies = (
			);
			productName = StreakUpTests;
			productReference = A8539DB93056C6FB00FDCDC1 /* StreakUpTests.xctest */;
			productType = "com.apple.product-type.bundle.unit-test";
		};
		A8539DC23056C6FB00FDCDC1 /* StreakUpUITests */ = {
			isa = PBXNativeTarget;
			buildConfigurationList = A8539DD33056C6FB00FDCDC1 /* Build configuration list for PBXNativeTarget "StreakUpUITests" */;
			buildPhases = (
				A8539DBF3056C6FB00FDCDC1 /* Sources */,
				A8539DC03056C6FB00FDCDC1 /* Frameworks */,
				A8539DC13056C6FB00FDCDC1 /* Resources */,
			);
			buildRules = (
			);
			dependencies = (
				A8539DC53056C6FB00FDCDC1 /* PBXTargetDependency */,
			);
			fileSystemSynchronizedGroups = (
				A8539DC63056C6FB00FDCDC1 /* StreakUpUITests */,
			);
			name = StreakUpUITests;
			packageProductDependencies = (
			);
			productName = StreakUpUITests;
			productReference = A8539DC33056C6FB00FDCDC1 /* StreakUpUITests.xctest */;
			productType = "com.apple.product-type.bundle.ui-testing";
		};
/* End PBXNativeTarget section */

/* Begin PBXProject section */
		A8539DA43056C6F900FDCDC1 /* Project object */ = {
			isa = PBXProject;
			attributes = {
				BuildIndependentTargetsInParallel = 1;
				LastSwiftUpdateCheck = 2660;
				LastUpgradeCheck = 2660;
				TargetAttributes = {
					A8539DAB3056C6F900FDCDC1 = {
						CreatedOnToolsVersion = 26.6;
					};
					A8539DB83056C6FB00FDCDC1 = {
						CreatedOnToolsVersion = 26.6;
						TestTargetID = A8539DAB3056C6F900FDCDC1;
					};
					A8539DC23056C6FB00FDCDC1 = {
						CreatedOnToolsVersion = 26.6;
						TestTargetID = A8539DAB3056C6F900FDCDC1;
					};
				};
			};
			buildConfigurationList = A8539DA73056C6F900FDCDC1 /* Build configuration list for PBXProject "StreakUp" */;
			developmentRegion = en;
			hasScannedForEncodings = 0;
			knownRegions = (
				en,
				Base,
			);
			mainGroup = A8539DA33056C6F900FDCDC1;
			minimizedProjectReferenceProxies = 1;
			preferredProjectObjectVersion = 77;
			productRefGroup = A8539DAD3056C6F900FDCDC1 /* Products */;
			projectDirPath = "";
			projectRoot = "";
			targets = (
				A8539DAB3056C6F900FDCDC1 /* StreakUp */,
				A8539DB83056C6FB00FDCDC1 /* StreakUpTests */,
				A8539DC23056C6FB00FDCDC1 /* StreakUpUITests */,
			);
		};
/* End PBXProject section */

/* Begin PBXResourcesBuildPhase section */
		A8539DAA3056C6F900FDCDC1 /* Resources */ = {
			isa = PBXResourcesBuildPhase;
			buildActionMask = 2147483647;
			files = (
			);
			runOnlyForDeploymentPostprocessing = 0;
		};
		A8539DB73056C6FB00FDCDC1 /* Resources */ = {
			isa = PBXResourcesBuildPhase;
			buildActionMask = 2147483647;
			files = (
			);
			runOnlyForDeploymentPostprocessing = 0;
		};
		A8539DC13056C6FB00FDCDC1 /* Resources */ = {
			isa = PBXResourcesBuildPhase;
			buildActionMask = 2147483647;
			files = (
			);
			runOnlyForDeploymentPostprocessing = 0;
		};
/* End PBXResourcesBuildPhase section */

/* Begin PBXSourcesBuildPhase section */
		A8539DA83056C6F900FDCDC1 /* Sources */ = {
			isa = PBXSourcesBuildPhase;
			buildActionMask = 2147483647;
			files = (
			);
			runOnlyForDeploymentPostprocessing = 0;
		};
		A8539DB53056C6FB00FDCDC1 /* Sources */ = {
			isa = PBXSourcesBuildPhase;
			buildActionMask = 2147483647;
			files = (
			);
			runOnlyForDeploymentPostprocessing = 0;
		};
		A8539DBF3056C6FB00FDCDC1 /* Sources */ = {
			isa = PBXSourcesBuildPhase;
			buildActionMask = 2147483647;
			files = (
			);
			runOnlyForDeploymentPostprocessing = 0;
		};
/* End PBXSourcesBuildPhase section */

/* Begin PBXTargetDependency section */
		A8539DBB3056C6FB00FDCDC1 /* PBXTargetDependency */ = {
			isa = PBXTargetDependency;
			target = A8539DAB3056C6F900FDCDC1 /* StreakUp */;
			targetProxy = A8539DBA3056C6FB00FDCDC1 /* PBXContainerItemProxy */;
		};
		A8539DC53056C6FB00FDCDC1 /* PBXTargetDependency */ = {
			isa = PBXTargetDependency;
			target = A8539DAB3056C6F900FDCDC1 /* StreakUp */;
			targetProxy = A8539DC43056C6FB00FDCDC1 /* PBXContainerItemProxy */;
		};
/* End PBXTargetDependency section */

/* Begin XCBuildConfiguration section */
		A8539DCB3056C6FB00FDCDC1 /* Debug */ = {
			isa = XCBuildConfiguration;
			buildSettings = {
				ALWAYS_SEARCH_USER_PATHS = NO;
				ASSETCATALOG_COMPILER_GENERATE_SWIFT_ASSET_SYMBOL_EXTENSIONS = YES;
				CLANG_ANALYZER_NONNULL = YES;
				CLANG_ANALYZER_NUMBER_OBJECT_CONVERSION = YES_AGGRESSIVE;
				CLANG_CXX_LANGUAGE_STANDARD = "gnu++20";
				CLANG_ENABLE_MODULES = YES;
				CLANG_ENABLE_OBJC_ARC = YES;
				CLANG_ENABLE_OBJC_WEAK = YES;
				CLANG_WARN_BLOCK_CAPTURE_AUTORELEASING = YES;
				CLANG_WARN_BOOL_CONVERSION = YES;
				CLANG_WARN_COMMA = YES;
				CLANG_WARN_CONSTANT_CONVERSION = YES;
				CLANG_WARN_DEPRECATED_OBJC_IMPLEMENTATIONS = YES;
				CLANG_WARN_DIRECT_OBJC_ISA_USAGE = YES_ERROR;
				CLANG_WARN_DOCUMENTATION_COMMENTS = YES;
				CLANG_WARN_EMPTY_BODY = YES;
				CLANG_WARN_ENUM_CONVERSION = YES;
				CLANG_WARN_INFINITE_RECURSION = YES;
				CLANG_WARN_INT_CONVERSION = YES;
				CLANG_WARN_NON_LITERAL_NULL_CONVERSION = YES;
				CLANG_WARN_OBJC_IMPLICIT_RETAIN_SELF = YES;
				CLANG_WARN_OBJC_LITERAL_CONVERSION = YES;
				CLANG_WARN_OBJC_ROOT_CLASS = YES_ERROR;
				CLANG_WARN_QUOTED_INCLUDE_IN_FRAMEWORK_HEADER = YES;
				CLANG_WARN_RANGE_LOOP_ANALYSIS = YES;
				CLANG_WARN_STRICT_PROTOTYPES = YES;
				CLANG_WARN_SUSPICIOUS_MOVE = YES;
				CLANG_WARN_UNGUARDED_AVAILABILITY = YES_AGGRESSIVE;
				CLANG_WARN_UNREACHABLE_CODE = YES;
				CLANG_WARN__DUPLICATE_METHOD_MATCH = YES;
				COPY_PHASE_STRIP = NO;
				DEBUG_INFORMATION_FORMAT = dwarf;
				ENABLE_STRICT_OBJC_MSGSEND = YES;
				ENABLE_TESTABILITY = YES;
				ENABLE_USER_SCRIPT_SANDBOXING = YES;
				GCC_C_LANGUAGE_STANDARD = gnu17;
				GCC_DYNAMIC_NO_PIC = NO;
				GCC_NO_COMMON_BLOCKS = YES;
				GCC_OPTIMIZATION_LEVEL = 0;
				GCC_PREPROCESSOR_DEFINITIONS = (
					"DEBUG=1",
					"$(inherited)",
				);
				GCC_WARN_64_TO_32_BIT_CONVERSION = YES;
				GCC_WARN_ABOUT_RETURN_TYPE = YES_ERROR;
				GCC_WARN_UNDECLARED_SELECTOR = YES;
				GCC_WARN_UNINITIALIZED_AUTOS = YES_AGGRESSIVE;
				GCC_WARN_UNUSED_FUNCTION = YES;
				GCC_WARN_UNUSED_VARIABLE = YES;
				IPHONEOS_DEPLOYMENT_TARGET = 26.5;
				LOCALIZATION_PREFERS_STRING_CATALOGS = YES;
				MTL_ENABLE_DEBUG_INFO = INCLUDE_SOURCE;
				MTL_FAST_MATH = YES;
				ONLY_ACTIVE_ARCH = YES;
				SDKROOT = iphoneos;
				SWIFT_ACTIVE_COMPILATION_CONDITIONS = "DEBUG $(inherited)";
				SWIFT_OPTIMIZATION_LEVEL = "-Onone";
			};
			name = Debug;
		};
		A8539DCC3056C6FB00FDCDC1 /* Release */ = {
			isa = XCBuildConfiguration;
			buildSettings = {
				ALWAYS_SEARCH_USER_PATHS = NO;
				ASSETCATALOG_COMPILER_GENERATE_SWIFT_ASSET_SYMBOL_EXTENSIONS = YES;
				CLANG_ANALYZER_NONNULL = YES;
				CLANG_ANALYZER_NUMBER_OBJECT_CONVERSION = YES_AGGRESSIVE;
				CLANG_CXX_LANGUAGE_STANDARD = "gnu++20";
				CLANG_ENABLE_MODULES = YES;
				CLANG_ENABLE_OBJC_ARC = YES;
				CLANG_ENABLE_OBJC_WEAK = YES;
				CLANG_WARN_BLOCK_CAPTURE_AUTORELEASING = YES;
				CLANG_WARN_BOOL_CONVERSION = YES;
				CLANG_WARN_COMMA = YES;
				CLANG_WARN_CONSTANT_CONVERSION = YES;
				CLANG_WARN_DEPRECATED_OBJC_IMPLEMENTATIONS = YES;
				CLANG_WARN_DIRECT_OBJC_ISA_USAGE = YES_ERROR;
				CLANG_WARN_DOCUMENTATION_COMMENTS = YES;
				CLANG_WARN_EMPTY_BODY = YES;
				CLANG_WARN_ENUM_CONVERSION = YES;
				CLANG_WARN_INFINITE_RECURSION = YES;
				CLANG_WARN_INT_CONVERSION = YES;
				CLANG_WARN_NON_LITERAL_NULL_CONVERSION = YES;
				CLANG_WARN_OBJC_IMPLICIT_RETAIN_SELF = YES;
				CLANG_WARN_OBJC_LITERAL_CONVERSION = YES;
				CLANG_WARN_OBJC_ROOT_CLASS = YES_ERROR;
				CLANG_WARN_QUOTED_INCLUDE_IN_FRAMEWORK_HEADER = YES;
				CLANG_WARN_RANGE_LOOP_ANALYSIS = YES;
				CLANG_WARN_STRICT_PROTOTYPES = YES;
				CLANG_WARN_SUSPICIOUS_MOVE = YES;
				CLANG_WARN_UNGUARDED_AVAILABILITY = YES_AGGRESSIVE;
				CLANG_WARN_UNREACHABLE_CODE = YES;
				CLANG_WARN__DUPLICATE_METHOD_MATCH = YES;
				COPY_PHASE_STRIP = NO;
				DEBUG_INFORMATION_FORMAT = "dwarf-with-dsym";
				ENABLE_NS_ASSERTIONS = NO;
				ENABLE_STRICT_OBJC_MSGSEND = YES;
				ENABLE_USER_SCRIPT_SANDBOXING = YES;
				GCC_C_LANGUAGE_STANDARD = gnu17;
				GCC_NO_COMMON_BLOCKS = YES;
				GCC_WARN_64_TO_32_BIT_CONVERSION = YES;
				GCC_WARN_ABOUT_RETURN_TYPE = YES_ERROR;
				GCC_WARN_UNDECLARED_SELECTOR = YES;
				GCC_WARN_UNINITIALIZED_AUTOS = YES_AGGRESSIVE;
				GCC_WARN_UNUSED_FUNCTION = YES;
				GCC_WARN_UNUSED_VARIABLE = YES;
				IPHONEOS_DEPLOYMENT_TARGET = 26.5;
				LOCALIZATION_PREFERS_STRING_CATALOGS = YES;
				MTL_ENABLE_DEBUG_INFO = NO;
				MTL_FAST_MATH = YES;
				SDKROOT = iphoneos;
				SWIFT_COMPILATION_MODE = wholemodule;
				VALIDATE_PRODUCT = YES;
			};
			name = Release;
		};
		A8539DCE3056C6FB00FDCDC1 /* Debug */ = {
			isa = XCBuildConfiguration;
			buildSettings = {
				ASSETCATALOG_COMPILER_APPICON_NAME = AppIcon;
				ASSETCATALOG_COMPILER_GLOBAL_ACCENT_COLOR_NAME = AccentColor;
				CODE_SIGN_STYLE = Automatic;
				CURRENT_PROJECT_VERSION = 1;
				ENABLE_PREVIEWS = YES;
				GENERATE_INFOPLIST_FILE = YES;
				INFOPLIST_KEY_UIApplicationSceneManifest_Generation = YES;
				INFOPLIST_KEY_UIApplicationSupportsIndirectInputEvents = YES;
				INFOPLIST_KEY_UILaunchScreen_Generation = YES;
				INFOPLIST_KEY_UISupportedInterfaceOrientations_iPad = "UIInterfaceOrientationPortrait UIInterfaceOrientationPortraitUpsideDown UIInterfaceOrientationLandscapeLeft UIInterfaceOrientationLandscapeRight";
				INFOPLIST_KEY_UISupportedInterfaceOrientations_iPhone = "UIInterfaceOrientationPortrait UIInterfaceOrientationLandscapeLeft UIInterfaceOrientationLandscapeRight";
				LD_RUNPATH_SEARCH_PATHS = (
					"$(inherited)",
					"@executable_path/Frameworks",
				);
				MARKETING_VERSION = 1.0;
				PRODUCT_BUNDLE_IDENTIFIER = com.manalaros.StreakUp;
				PRODUCT_NAME = "$(TARGET_NAME)";
				STRING_CATALOG_GENERATE_SYMBOLS = YES;
				SWIFT_APPROACHABLE_CONCURRENCY = YES;
				SWIFT_DEFAULT_ACTOR_ISOLATION = MainActor;
				SWIFT_EMIT_LOC_STRINGS = YES;
				SWIFT_UPCOMING_FEATURE_MEMBER_IMPORT_VISIBILITY = YES;
				SWIFT_VERSION = 5.0;
				TARGETED_DEVICE_FAMILY = "1,2";
			};
			name = Debug;
		};
		A8539DCF3056C6FB00FDCDC1 /* Release */ = {
			isa = XCBuildConfiguration;
			buildSettings = {
				ASSETCATALOG_COMPILER_APPICON_NAME = AppIcon;
				ASSETCATALOG_COMPILER_GLOBAL_ACCENT_COLOR_NAME = AccentColor;
				CODE_SIGN_STYLE = Automatic;
				CURRENT_PROJECT_VERSION = 1;
				ENABLE_PREVIEWS = YES;
				GENERATE_INFOPLIST_FILE = YES;
				INFOPLIST_KEY_UIApplicationSceneManifest_Generation = YES;
				INFOPLIST_KEY_UIApplicationSupportsIndirectInputEvents = YES;
				INFOPLIST_KEY_UILaunchScreen_Generation = YES;
				INFOPLIST_KEY_UISupportedInterfaceOrientations_iPad = "UIInterfaceOrientationPortrait UIInterfaceOrientationPortraitUpsideDown UIInterfaceOrientationLandscapeLeft UIInterfaceOrientationLandscapeRight";
				INFOPLIST_KEY_UISupportedInterfaceOrientations_iPhone = "UIInterfaceOrientationPortrait UIInterfaceOrientationLandscapeLeft UIInterfaceOrientationLandscapeRight";
				LD_RUNPATH_SEARCH_PATHS = (
					"$(inherited)",
					"@executable_path/Frameworks",
				);
				MARKETING_VERSION = 1.0;
				PRODUCT_BUNDLE_IDENTIFIER = com.manalaros.StreakUp;
				PRODUCT_NAME = "$(TARGET_NAME)";
				STRING_CATALOG_GENERATE_SYMBOLS = YES;
				SWIFT_APPROACHABLE_CONCURRENCY = YES;
				SWIFT_DEFAULT_ACTOR_ISOLATION = MainActor;
				SWIFT_EMIT_LOC_STRINGS = YES;
				SWIFT_UPCOMING_FEATURE_MEMBER_IMPORT_VISIBILITY = YES;
				SWIFT_VERSION = 5.0;
				TARGETED_DEVICE_FAMILY = "1,2";
			};
			name = Release;
		};
		A8539DD13056C6FB00FDCDC1 /* Debug */ = {
			isa = XCBuildConfiguration;
			buildSettings = {
				BUNDLE_LOADER = "$(TEST_HOST)";
				CODE_SIGN_STYLE = Automatic;
				CURRENT_PROJECT_VERSION = 1;
				GENERATE_INFOPLIST_FILE = YES;
				IPHONEOS_DEPLOYMENT_TARGET = 26.5;
				MARKETING_VERSION = 1.0;
				PRODUCT_BUNDLE_IDENTIFIER = com.manalaros.StreakUpTests;
				PRODUCT_NAME = "$(TARGET_NAME)";
				STRING_CATALOG_GENERATE_SYMBOLS = NO;
				SWIFT_APPROACHABLE_CONCURRENCY = YES;
				SWIFT_EMIT_LOC_STRINGS = NO;
				SWIFT_UPCOMING_FEATURE_MEMBER_IMPORT_VISIBILITY = YES;
				SWIFT_VERSION = 5.0;
				TARGETED_DEVICE_FAMILY = "1,2";
				TEST_HOST = "$(BUILT_PRODUCTS_DIR)/StreakUp.app/$(BUNDLE_EXECUTABLE_FOLDER_PATH)/StreakUp";
			};
			name = Debug;
		};
		A8539DD23056C6FB00FDCDC1 /* Release */ = {
			isa = XCBuildConfiguration;
			buildSettings = {
				BUNDLE_LOADER = "$(TEST_HOST)";
				CODE_SIGN_STYLE = Automatic;
				CURRENT_PROJECT_VERSION = 1;
				GENERATE_INFOPLIST_FILE = YES;
				IPHONEOS_DEPLOYMENT_TARGET = 26.5;
				MARKETING_VERSION = 1.0;
				PRODUCT_BUNDLE_IDENTIFIER = com.manalaros.StreakUpTests;
				PRODUCT_NAME = "$(TARGET_NAME)";
				STRING_CATALOG_GENERATE_SYMBOLS = NO;
				SWIFT_APPROACHABLE_CONCURRENCY = YES;
				SWIFT_EMIT_LOC_STRINGS = NO;
				SWIFT_UPCOMING_FEATURE_MEMBER_IMPORT_VISIBILITY = YES;
				SWIFT_VERSION = 5.0;
				TARGETED_DEVICE_FAMILY = "1,2";
				TEST_HOST = "$(BUILT_PRODUCTS_DIR)/StreakUp.app/$(BUNDLE_EXECUTABLE_FOLDER_PATH)/StreakUp";
			};
			name = Release;
		};
		A8539DD43056C6FB00FDCDC1 /* Debug */ = {
			isa = XCBuildConfiguration;
			buildSettings = {
				CODE_SIGN_STYLE = Automatic;
				CURRENT_PROJECT_VERSION = 1;
				GENERATE_INFOPLIST_FILE = YES;
				MARKETING_VERSION = 1.0;
				PRODUCT_BUNDLE_IDENTIFIER = com.manalaros.StreakUpUITests;
				PRODUCT_NAME = "$(TARGET_NAME)";
				STRING_CATALOG_GENERATE_SYMBOLS = NO;
				SWIFT_APPROACHABLE_CONCURRENCY = YES;
				SWIFT_EMIT_LOC_STRINGS = NO;
				SWIFT_UPCOMING_FEATURE_MEMBER_IMPORT_VISIBILITY = YES;
				SWIFT_VERSION = 5.0;
				TARGETED_DEVICE_FAMILY = "1,2";
				TEST_TARGET_NAME = StreakUp;
			};
			name = Debug;
		};
		A8539DD53056C6FB00FDCDC1 /* Release */ = {
			isa = XCBuildConfiguration;
			buildSettings = {
				CODE_SIGN_STYLE = Automatic;
				CURRENT_PROJECT_VERSION = 1;
				GENERATE_INFOPLIST_FILE = YES;
				MARKETING_VERSION = 1.0;
				PRODUCT_BUNDLE_IDENTIFIER = com.manalaros.StreakUpUITests;
				PRODUCT_NAME = "$(TARGET_NAME)";
				STRING_CATALOG_GENERATE_SYMBOLS = NO;
				SWIFT_APPROACHABLE_CONCURRENCY = YES;
				SWIFT_EMIT_LOC_STRINGS = NO;
				SWIFT_UPCOMING_FEATURE_MEMBER_IMPORT_VISIBILITY = YES;
				SWIFT_VERSION = 5.0;
				TARGETED_DEVICE_FAMILY = "1,2";
				TEST_TARGET_NAME = StreakUp;
			};
			name = Release;
		};
/* End XCBuildConfiguration section */

/* Begin XCConfigurationList section */
		A8539DA73056C6F900FDCDC1 /* Build configuration list for PBXProject "StreakUp" */ = {
			isa = XCConfigurationList;
			buildConfigurations = (
				A8539DCB3056C6FB00FDCDC1 /* Debug */,
				A8539DCC3056C6FB00FDCDC1 /* Release */,
			);
			defaultConfigurationIsVisible = 0;
			defaultConfigurationName = Release;
		};
		A8539DCD3056C6FB00FDCDC1 /* Build configuration list for PBXNativeTarget "StreakUp" */ = {
			isa = XCConfigurationList;
			buildConfigurations = (
				A8539DCE3056C6FB00FDCDC1 /* Debug */,
				A8539DCF3056C6FB00FDCDC1 /* Release */,
			);
			defaultConfigurationIsVisible = 0;
			defaultConfigurationName = Release;
		};
		A8539DD03056C6FB00FDCDC1 /* Build configuration list for PBXNativeTarget "StreakUpTests" */ = {
			isa = XCConfigurationList;
			buildConfigurations = (
				A8539DD13056C6FB00FDCDC1 /* Debug */,
				A8539DD23056C6FB00FDCDC1 /* Release */,
			);
			defaultConfigurationIsVisible = 0;
			defaultConfigurationName = Release;
		};
		A8539DD33056C6FB00FDCDC1 /* Build configuration list for PBXNativeTarget "StreakUpUITests" */ = {
			isa = XCConfigurationList;
			buildConfigurations = (
				A8539DD43056C6FB00FDCDC1 /* Debug */,
				A8539DD53056C6FB00FDCDC1 /* Release */,
			);
			defaultConfigurationIsVisible = 0;
			defaultConfigurationName = Release;
		};
/* End XCConfigurationList section */
	};
	rootObject = A8539DA43056C6F900FDCDC1 /* Project object */;
}
